
Microsoft Visual Studio Solution File, Format Version 12.00
# Visual Studio Version 16
VisualStudioVersion = 16.0.30717.126
MinimumVisualStudioVersion = 10.0.40219.1
Project("{FAE04EC0-301F-11D3-BF4B-00C04F79EFBC}") = "AnnonymouseMethod", "AnnonymouseMethod\AnnonymouseMethod.csproj", "{CB5726DB-80CE-40DE-A28A-7D7E7959F172}"
EndProject
Global
	GlobalSection(SolutionConfigurationPlatforms) = preSolution
		Debug|Any CPU = Debug|Any CPU
		Release|Any CPU = Release|Any CPU
	EndGlobalSection
	GlobalSection(ProjectConfigurationPlatforms) = postSolution
		{CB5726DB-80CE-40DE-A28A-7D7E7959F172}.Debug|Any CPU.ActiveCfg = Debug|Any CPU
		{CB5726DB-80CE-40DE-A28A-7D7E7959F172}.Debug|Any CPU.Build.0 = Debug|Any CPU
		{CB5726DB-80CE-40DE-A28A-7D7E7959F172}.Release|Any CPU.ActiveCfg = Release|Any CPU
		{CB5726DB-80CE-40DE-A28A-7D7E7959F172}.Release|Any CPU.Build.0 = Release|Any CPU
	EndGlobalSection
	GlobalSection(SolutionProperties) = preSolution
		HideSolutionNode = FALSE
	EndGlobalSection
	GlobalSection(ExtensibilityGlobals) = postSolution
		SolutionGuid = {CA583727-E25D-42D7-B7A6-3DBA924C1F4F}
	EndGlobalSection
EndGlobal
