
Microsoft Visual Studio Solution File, Format Version 12.00
# Visual Studio Version 17
VisualStudioVersion = 17.0.31912.275
MinimumVisualStudioVersion = 10.0.40219.1
Project("{FAE04EC0-301F-11D3-BF4B-00C04F79EFBC}") = "Practise And Delete", "Practise And Delete\Practise And Delete.csproj", "{269EF483-CF86-42CD-AD71-88107620A1A7}"
EndProject
Global
	GlobalSection(SolutionConfigurationPlatforms) = preSolution
		Debug|Any CPU = Debug|Any CPU
		Release|Any CPU = Release|Any CPU
	EndGlobalSection
	GlobalSection(ProjectConfigurationPlatforms) = postSolution
		{269EF483-CF86-42CD-AD71-88107620A1A7}.Debug|Any CPU.ActiveCfg = Debug|Any CPU
		{269EF483-CF86-42CD-AD71-88107620A1A7}.Debug|Any CPU.Build.0 = Debug|Any CPU
		{269EF483-CF86-42CD-AD71-88107620A1A7}.Release|Any CPU.ActiveCfg = Release|Any CPU
		{269EF483-CF86-42CD-AD71-88107620A1A7}.Release|Any CPU.Build.0 = Release|Any CPU
	EndGlobalSection
	GlobalSection(SolutionProperties) = preSolution
		HideSolutionNode = FALSE
	EndGlobalSection
	GlobalSection(ExtensibilityGlobals) = postSolution
		SolutionGuid = {65799D50-71D0-4D49-B18C-60681D47DEE0}
	EndGlobalSection
EndGlobal
