
Microsoft Visual Studio Solution File, Format Version 12.00
# Visual Studio Version 16
VisualStudioVersion = 16.0.30717.126
MinimumVisualStudioVersion = 10.0.40219.1
Project("{FAE04EC0-301F-11D3-BF4B-00C04F79EFBC}") = "ConditionalStatement", "ConditionalStatement\ConditionalStatement.csproj", "{201B8426-E9BA-43D8-815D-A86CD2B670E9}"
EndProject
Global
	GlobalSection(SolutionConfigurationPlatforms) = preSolution
		Debug|Any CPU = Debug|Any CPU
		Release|Any CPU = Release|Any CPU
	EndGlobalSection
	GlobalSection(ProjectConfigurationPlatforms) = postSolution
		{201B8426-E9BA-43D8-815D-A86CD2B670E9}.Debug|Any CPU.ActiveCfg = Debug|Any CPU
		{201B8426-E9BA-43D8-815D-A86CD2B670E9}.Debug|Any CPU.Build.0 = Debug|Any CPU
		{201B8426-E9BA-43D8-815D-A86CD2B670E9}.Release|Any CPU.ActiveCfg = Release|Any CPU
		{201B8426-E9BA-43D8-815D-A86CD2B670E9}.Release|Any CPU.Build.0 = Release|Any CPU
	EndGlobalSection
	GlobalSection(SolutionProperties) = preSolution
		HideSolutionNode = FALSE
	EndGlobalSection
	GlobalSection(ExtensibilityGlobals) = postSolution
		SolutionGuid = {65E49676-AEDA-4C06-8586-FC78BD7E7F3B}
	EndGlobalSection
EndGlobal
