
Microsoft Visual Studio Solution File, Format Version 12.00
# Visual Studio Version 16
VisualStudioVersion = 16.0.30717.126
MinimumVisualStudioVersion = 10.0.40219.1
Project("{FAE04EC0-301F-11D3-BF4B-00C04F79EFBC}") = "TypeConversion", "ConsoleApp1\TypeConversion.csproj", "{0788B50F-901D-43DC-AB67-1FA11A222C3F}"
EndProject
Global
	GlobalSection(SolutionConfigurationPlatforms) = preSolution
		Debug|Any CPU = Debug|Any CPU
		Release|Any CPU = Release|Any CPU
	EndGlobalSection
	GlobalSection(ProjectConfigurationPlatforms) = postSolution
		{0788B50F-901D-43DC-AB67-1FA11A222C3F}.Debug|Any CPU.ActiveCfg = Debug|Any CPU
		{0788B50F-901D-43DC-AB67-1FA11A222C3F}.Debug|Any CPU.Build.0 = Debug|Any CPU
		{0788B50F-901D-43DC-AB67-1FA11A222C3F}.Release|Any CPU.ActiveCfg = Release|Any CPU
		{0788B50F-901D-43DC-AB67-1FA11A222C3F}.Release|Any CPU.Build.0 = Release|Any CPU
	EndGlobalSection
	GlobalSection(SolutionProperties) = preSolution
		HideSolutionNode = FALSE
	EndGlobalSection
	GlobalSection(ExtensibilityGlobals) = postSolution
		SolutionGuid = {59390F36-95DD-468A-8869-84FC8B13B2D2}
	EndGlobalSection
EndGlobal
