
Microsoft Visual Studio Solution File, Format Version 12.00
# Visual Studio Version 17
VisualStudioVersion = 17.0.31912.275
MinimumVisualStudioVersion = 10.0.40219.1
Project("{FAE04EC0-301F-11D3-BF4B-00C04F79EFBC}") = "LiskobSubstituationPrinciple", "LiskobSubstituationPrinciple\LiskobSubstituationPrinciple.csproj", "{A3447A7F-952F-406F-AA3A-568F8595FE8B}"
EndProject
Global
	GlobalSection(SolutionConfigurationPlatforms) = preSolution
		Debug|Any CPU = Debug|Any CPU
		Release|Any CPU = Release|Any CPU
	EndGlobalSection
	GlobalSection(ProjectConfigurationPlatforms) = postSolution
		{A3447A7F-952F-406F-AA3A-568F8595FE8B}.Debug|Any CPU.ActiveCfg = Debug|Any CPU
		{A3447A7F-952F-406F-AA3A-568F8595FE8B}.Debug|Any CPU.Build.0 = Debug|Any CPU
		{A3447A7F-952F-406F-AA3A-568F8595FE8B}.Release|Any CPU.ActiveCfg = Release|Any CPU
		{A3447A7F-952F-406F-AA3A-568F8595FE8B}.Release|Any CPU.Build.0 = Release|Any CPU
	EndGlobalSection
	GlobalSection(SolutionProperties) = preSolution
		HideSolutionNode = FALSE
	EndGlobalSection
	GlobalSection(ExtensibilityGlobals) = postSolution
		SolutionGuid = {D00A6DCA-ADB1-4EA2-B730-2348A667CA2B}
	EndGlobalSection
EndGlobal
