
Microsoft Visual Studio Solution File, Format Version 12.00
# Visual Studio Version 17
VisualStudioVersion = 17.0.31912.275
MinimumVisualStudioVersion = 10.0.40219.1
Project("{FAE04EC0-301F-11D3-BF4B-00C04F79EFBC}") = "4.StackDemo", "4.StackDemo\4.StackDemo.csproj", "{4E87EBFA-7697-4F24-88F8-2DF33E1C24F6}"
EndProject
Global
	GlobalSection(SolutionConfigurationPlatforms) = preSolution
		Debug|Any CPU = Debug|Any CPU
		Release|Any CPU = Release|Any CPU
	EndGlobalSection
	GlobalSection(ProjectConfigurationPlatforms) = postSolution
		{4E87EBFA-7697-4F24-88F8-2DF33E1C24F6}.Debug|Any CPU.ActiveCfg = Debug|Any CPU
		{4E87EBFA-7697-4F24-88F8-2DF33E1C24F6}.Debug|Any CPU.Build.0 = Debug|Any CPU
		{4E87EBFA-7697-4F24-88F8-2DF33E1C24F6}.Release|Any CPU.ActiveCfg = Release|Any CPU
		{4E87EBFA-7697-4F24-88F8-2DF33E1C24F6}.Release|Any CPU.Build.0 = Release|Any CPU
	EndGlobalSection
	GlobalSection(SolutionProperties) = preSolution
		HideSolutionNode = FALSE
	EndGlobalSection
	GlobalSection(ExtensibilityGlobals) = postSolution
		SolutionGuid = {3A6EA88C-09B7-48AF-9013-4CA19B4651B0}
	EndGlobalSection
EndGlobal
