
Microsoft Visual Studio Solution File, Format Version 12.00
# Visual Studio Version 16
VisualStudioVersion = 16.0.30717.126
MinimumVisualStudioVersion = 10.0.40219.1
Project("{FAE04EC0-301F-11D3-BF4B-00C04F79EFBC}") = "Indexers", "Indexers\Indexers.csproj", "{FE762BA4-6A4E-491D-B1EA-4EBF5A16EADF}"
EndProject
Global
	GlobalSection(SolutionConfigurationPlatforms) = preSolution
		Debug|Any CPU = Debug|Any CPU
		Release|Any CPU = Release|Any CPU
	EndGlobalSection
	GlobalSection(ProjectConfigurationPlatforms) = postSolution
		{FE762BA4-6A4E-491D-B1EA-4EBF5A16EADF}.Debug|Any CPU.ActiveCfg = Debug|Any CPU
		{FE762BA4-6A4E-491D-B1EA-4EBF5A16EADF}.Debug|Any CPU.Build.0 = Debug|Any CPU
		{FE762BA4-6A4E-491D-B1EA-4EBF5A16EADF}.Release|Any CPU.ActiveCfg = Release|Any CPU
		{FE762BA4-6A4E-491D-B1EA-4EBF5A16EADF}.Release|Any CPU.Build.0 = Release|Any CPU
	EndGlobalSection
	GlobalSection(SolutionProperties) = preSolution
		HideSolutionNode = FALSE
	EndGlobalSection
	GlobalSection(ExtensibilityGlobals) = postSolution
		SolutionGuid = {65761BC1-07E9-48D4-A16A-516DBB461E45}
	EndGlobalSection
EndGlobal
