
Microsoft Visual Studio Solution File, Format Version 12.00
# Visual Studio Version 17
VisualStudioVersion = 17.0.31912.275
MinimumVisualStudioVersion = 10.0.40219.1
Project("{FAE04EC0-301F-11D3-BF4B-00C04F79EFBC}") = "MethodChainingDemo", "MethodChainingDemo\MethodChainingDemo.csproj", "{628C76D4-9C6B-4113-9C8A-DAD8B1438EFF}"
EndProject
Global
	GlobalSection(SolutionConfigurationPlatforms) = preSolution
		Debug|Any CPU = Debug|Any CPU
		Release|Any CPU = Release|Any CPU
	EndGlobalSection
	GlobalSection(ProjectConfigurationPlatforms) = postSolution
		{628C76D4-9C6B-4113-9C8A-DAD8B1438EFF}.Debug|Any CPU.ActiveCfg = Debug|Any CPU
		{628C76D4-9C6B-4113-9C8A-DAD8B1438EFF}.Debug|Any CPU.Build.0 = Debug|Any CPU
		{628C76D4-9C6B-4113-9C8A-DAD8B1438EFF}.Release|Any CPU.ActiveCfg = Release|Any CPU
		{628C76D4-9C6B-4113-9C8A-DAD8B1438EFF}.Release|Any CPU.Build.0 = Release|Any CPU
	EndGlobalSection
	GlobalSection(SolutionProperties) = preSolution
		HideSolutionNode = FALSE
	EndGlobalSection
	GlobalSection(ExtensibilityGlobals) = postSolution
		SolutionGuid = {73A0803D-0183-41D7-98A2-EF524F62B119}
	EndGlobalSection
EndGlobal
