
Microsoft Visual Studio Solution File, Format Version 12.00
# Visual Studio Version 17
VisualStudioVersion = 17.0.31912.275
MinimumVisualStudioVersion = 10.0.40219.1
Project("{FAE04EC0-301F-11D3-BF4B-00C04F79EFBC}") = "LockStatementDemo", "LockStatementDemo\LockStatementDemo.csproj", "{2BBA2CBE-061C-4FE8-9E3E-FE9F6D482B66}"
EndProject
Global
	GlobalSection(SolutionConfigurationPlatforms) = preSolution
		Debug|Any CPU = Debug|Any CPU
		Release|Any CPU = Release|Any CPU
	EndGlobalSection
	GlobalSection(ProjectConfigurationPlatforms) = postSolution
		{2BBA2CBE-061C-4FE8-9E3E-FE9F6D482B66}.Debug|Any CPU.ActiveCfg = Debug|Any CPU
		{2BBA2CBE-061C-4FE8-9E3E-FE9F6D482B66}.Debug|Any CPU.Build.0 = Debug|Any CPU
		{2BBA2CBE-061C-4FE8-9E3E-FE9F6D482B66}.Release|Any CPU.ActiveCfg = Release|Any CPU
		{2BBA2CBE-061C-4FE8-9E3E-FE9F6D482B66}.Release|Any CPU.Build.0 = Release|Any CPU
	EndGlobalSection
	GlobalSection(SolutionProperties) = preSolution
		HideSolutionNode = FALSE
	EndGlobalSection
	GlobalSection(ExtensibilityGlobals) = postSolution
		SolutionGuid = {F4828A2F-A586-4734-BB41-8A671202FEA1}
	EndGlobalSection
EndGlobal
