
Microsoft Visual Studio Solution File, Format Version 12.00
# Visual Studio Version 17
VisualStudioVersion = 17.0.31912.275
MinimumVisualStudioVersion = 10.0.40219.1
Project("{FAE04EC0-301F-11D3-BF4B-00C04F79EFBC}") = "Dependency Inversion Principle", "Dependency Inversion Principle\Dependency Inversion Principle.csproj", "{69C64FF9-02DD-432C-BE73-A805BC5C23FC}"
EndProject
Global
	GlobalSection(SolutionConfigurationPlatforms) = preSolution
		Debug|Any CPU = Debug|Any CPU
		Release|Any CPU = Release|Any CPU
	EndGlobalSection
	GlobalSection(ProjectConfigurationPlatforms) = postSolution
		{69C64FF9-02DD-432C-BE73-A805BC5C23FC}.Debug|Any CPU.ActiveCfg = Debug|Any CPU
		{69C64FF9-02DD-432C-BE73-A805BC5C23FC}.Debug|Any CPU.Build.0 = Debug|Any CPU
		{69C64FF9-02DD-432C-BE73-A805BC5C23FC}.Release|Any CPU.ActiveCfg = Release|Any CPU
		{69C64FF9-02DD-432C-BE73-A805BC5C23FC}.Release|Any CPU.Build.0 = Release|Any CPU
	EndGlobalSection
	GlobalSection(SolutionProperties) = preSolution
		HideSolutionNode = FALSE
	EndGlobalSection
	GlobalSection(ExtensibilityGlobals) = postSolution
		SolutionGuid = {862B6A00-274B-4CC8-82E7-D63253F94CDC}
	EndGlobalSection
EndGlobal
