
Microsoft Visual Studio Solution File, Format Version 12.00
# Visual Studio Version 16
VisualStudioVersion = 16.0.30717.126
MinimumVisualStudioVersion = 10.0.40219.1
Project("{FAE04EC0-301F-11D3-BF4B-00C04F79EFBC}") = "AsynchronousProgramming", "AsynchronousProgramming\AsynchronousProgramming.csproj", "{79C604CC-C879-470F-81A3-5322E105DF9E}"
EndProject
Global
	GlobalSection(SolutionConfigurationPlatforms) = preSolution
		Debug|Any CPU = Debug|Any CPU
		Release|Any CPU = Release|Any CPU
	EndGlobalSection
	GlobalSection(ProjectConfigurationPlatforms) = postSolution
		{79C604CC-C879-470F-81A3-5322E105DF9E}.Debug|Any CPU.ActiveCfg = Debug|Any CPU
		{79C604CC-C879-470F-81A3-5322E105DF9E}.Debug|Any CPU.Build.0 = Debug|Any CPU
		{79C604CC-C879-470F-81A3-5322E105DF9E}.Release|Any CPU.ActiveCfg = Release|Any CPU
		{79C604CC-C879-470F-81A3-5322E105DF9E}.Release|Any CPU.Build.0 = Release|Any CPU
	EndGlobalSection
	GlobalSection(SolutionProperties) = preSolution
		HideSolutionNode = FALSE
	EndGlobalSection
	GlobalSection(ExtensibilityGlobals) = postSolution
		SolutionGuid = {E7E942FD-47E1-40C0-B98E-A25F9EED28A1}
	EndGlobalSection
EndGlobal
